
Microsoft Visual Studio Solution File, Format Version 11.00
# Visual Studio 2010
Project("{FAE04EC0-301F-11D3-BF4B-00C04F79EFBC}") = "EasyTouch5Demo", "Assembly-CSharp.csproj", "{05A15453-E936-0094-6E79-0266B85C8042}"
EndProject
Project("{FAE04EC0-301F-11D3-BF4B-00C04F79EFBC}") = "EasyTouch5Demo", "Assembly-CSharp-Editor.csproj", "{1B5A81D1-3CE6-1EAE-01B1-2EC2B1CCB4E5}"
EndProject
Global
	GlobalSection(SolutionConfigurationPlatforms) = preSolution
		Debug|Any CPU = Debug|Any CPU
		Release|Any CPU = Release|Any CPU
	EndGlobalSection
	GlobalSection(ProjectConfigurationPlatforms) = postSolution
		{05A15453-E936-0094-6E79-0266B85C8042}.Debug|Any CPU.ActiveCfg = Debug|Any CPU
		{05A15453-E936-0094-6E79-0266B85C8042}.Debug|Any CPU.Build.0 = Debug|Any CPU
		{05A15453-E936-0094-6E79-0266B85C8042}.Release|Any CPU.ActiveCfg = Release|Any CPU
		{05A15453-E936-0094-6E79-0266B85C8042}.Release|Any CPU.Build.0 = Release|Any CPU
		{1B5A81D1-3CE6-1EAE-01B1-2EC2B1CCB4E5}.Debug|Any CPU.ActiveCfg = Debug|Any CPU
		{1B5A81D1-3CE6-1EAE-01B1-2EC2B1CCB4E5}.Debug|Any CPU.Build.0 = Debug|Any CPU
		{1B5A81D1-3CE6-1EAE-01B1-2EC2B1CCB4E5}.Release|Any CPU.ActiveCfg = Release|Any CPU
		{1B5A81D1-3CE6-1EAE-01B1-2EC2B1CCB4E5}.Release|Any CPU.Build.0 = Release|Any CPU
	EndGlobalSection
	GlobalSection(SolutionProperties) = preSolution
		HideSolutionNode = FALSE
	EndGlobalSection
	GlobalSection(MonoDevelopProperties) = preSolution
		StartupItem = Assembly-CSharp.csproj
	EndGlobalSection
EndGlobal
